
Microsoft Visual Studio Solution File, Format Version 12.00
# Visual Studio Version 16
VisualStudioVersion = 16.0.29123.88
MinimumVisualStudioVersion = 10.0.40219.1
Project("{FAE04EC0-301F-11D3-BF4B-00C04F79EFBC}") = "Cwiczenia1", "Cwiczenia1\Cwiczenia1.csproj", "{D6E91DC2-A48D-489A-95CF-99E8F69FEF7C}"
EndProject
Global
	GlobalSection(SolutionConfigurationPlatforms) = preSolution
		Debug|Any CPU = Debug|Any CPU
		Release|Any CPU = Release|Any CPU
	EndGlobalSection
	GlobalSection(ProjectConfigurationPlatforms) = postSolution
		{D6E91DC2-A48D-489A-95CF-99E8F69FEF7C}.Debug|Any CPU.ActiveCfg = Debug|Any CPU
		{D6E91DC2-A48D-489A-95CF-99E8F69FEF7C}.Debug|Any CPU.Build.0 = Debug|Any CPU
		{D6E91DC2-A48D-489A-95CF-99E8F69FEF7C}.Release|Any CPU.ActiveCfg = Release|Any CPU
		{D6E91DC2-A48D-489A-95CF-99E8F69FEF7C}.Release|Any CPU.Build.0 = Release|Any CPU
	EndGlobalSection
	GlobalSection(SolutionProperties) = preSolution
		HideSolutionNode = FALSE
	EndGlobalSection
	GlobalSection(ExtensibilityGlobals) = postSolution
		SolutionGuid = {355E941C-A5EC-4131-BAEA-2F1E25CA023E}
	EndGlobalSection
EndGlobal
